Microsoft Visual Studio Solution File, Format Version 12.00
# Visual Studio 2012
Project("{FAE04EC0-301F-11D3-BF4B-00C04F79EFBC}") = "turn_based combat", "turn_based combat.csproj", "{3B37F5A1-87AA-40DA-9B75-673D2F9C1DDA}"
EndProject
Global
	GlobalSection(SolutionConfigurationPlatforms) = preSolution
	Debug|Any CPU = Debug|Any CPU
	ExportDebug|Any CPU = ExportDebug|Any CPU
	ExportRelease|Any CPU = ExportRelease|Any CPU
	EndGlobalSection
	GlobalSection(ProjectConfigurationPlatforms) = postSolution
		{3B37F5A1-87AA-40DA-9B75-673D2F9C1DDA}.Debug|Any CPU.ActiveCfg = Debug|Any CPU
		{3B37F5A1-87AA-40DA-9B75-673D2F9C1DDA}.Debug|Any CPU.Build.0 = Debug|Any CPU
		{3B37F5A1-87AA-40DA-9B75-673D2F9C1DDA}.ExportDebug|Any CPU.ActiveCfg = ExportDebug|Any CPU
		{3B37F5A1-87AA-40DA-9B75-673D2F9C1DDA}.ExportDebug|Any CPU.Build.0 = ExportDebug|Any CPU
		{3B37F5A1-87AA-40DA-9B75-673D2F9C1DDA}.ExportRelease|Any CPU.ActiveCfg = ExportRelease|Any CPU
		{3B37F5A1-87AA-40DA-9B75-673D2F9C1DDA}.ExportRelease|Any CPU.Build.0 = ExportRelease|Any CPU
	EndGlobalSection
EndGlobal
